// !$*UTF8*$!
{
	archiveVersion = 1;
	classes = {
	};
	objectVersion = 77;
	objects = {

/* Begin PBXContainerItemProxy section */
		B5D696532CD0094A00A8975C /* PBXContainerItemProxy */ = {
			isa = PBXContainerItemProxy;
			containerPortal = B5D6963A2CD0094700A8975C /* Project object */;
			proxyType = 1;
			remoteGlobalIDString = B5D696412CD0094700A8975C;
			remoteInfo = swiftUI_weather_2;
		};
		B5D6965D2CD0094A00A8975C /* PBXContainerItemProxy */ = {
			isa = PBXContainerItemProxy;
			containerPortal = B5D6963A2CD0094700A8975C /* Project object */;
			proxyType = 1;
			remoteGlobalIDString = B5D696412CD0094700A8975C;
			remoteInfo = swiftUI_weather_2;
		};
/* End PBXContainerItemProxy section */

/* Begin PBXFileReference section */
		B5D696422CD0094700A8975C /* swiftUI_weather_2.app */ = {isa = PBXFileReference; explicitFileType = wrapper.application; includeInIndex = 0; path = swiftUI_weather_2.app; sourceTree = BUILT_PRODUCTS_DIR; };
		B5D696522CD0094A00A8975C /* swiftUI_weather_2Tests.xctest */ = {isa = PBXFileReference; explicitFileType = wrapper.cfbundle; includeInIndex = 0; path = swiftUI_weather_2Tests.xctest; sourceTree = BUILT_PRODUCTS_DIR; };
		B5D6965C2CD0094A00A8975C /* swiftUI_weather_2UITests.xctest */ = {isa = PBXFileReference; explicitFileType = wrapper.cfbundle; includeInIndex = 0; path = swiftUI_weather_2UITests.xctest; sourceTree = BUILT_PRODUCTS_DIR; };
/* End PBXFileReference section */

/* Begin PBXFileSystemSynchronizedRootGroup section */
		B5D696442CD0094700A8975C /* swiftUI_weather_2 */ = {
			isa = PBXFileSystemSynchronizedRootGroup;
			path = swiftUI_weather_2;
			sourceTree = "<group>";
		};
		B5D696552CD0094A00A8975C /* swiftUI_weather_2Tests */ = {
			isa = PBXFileSystemSynchronizedRootGroup;
			path = swiftUI_weather_2Tests;
			sourceTree = "<group>";
		};
		B5D6965F2CD0094A00A8975C /* swiftUI_weather_2UITests */ = {
			isa = PBXFileSystemSynchronizedRootGroup;
			path = swiftUI_weather_2UITests;
			sourceTree = "<group>";
		};
/* End PBXFileSystemSynchronizedRootGroup section */

/* Begin PBXFrameworksBuildPhase section */
		B5D6963F2CD0094700A8975C /* Frameworks */ = {
			isa = PBXFrameworksBuildPhase;
			buildActionMask = 2147483647;
			files = (
			);
			runOnlyForDeploymentPostprocessing = 0;
		};
		B5D6964F2CD0094A00A8975C /* Frameworks */ = {
			isa = PBXFrameworksBuildPhase;
			buildActionMask = 2147483647;
			files = (
			);
			runOnlyForDeploymentPostprocessing = 0;
		};
		B5D696592CD0094A00A8975C /* Frameworks */ = {
			isa = PBXFrameworksBuildPhase;
			buildActionMask = 2147483647;
			files = (
			);
			runOnlyForDeploymentPostprocessing = 0;
		};
/* End PBXFrameworksBuildPhase section */

/* Begin PBXGroup section */
		B5D696392CD0094700A8975C = {
			isa = PBXGroup;
			children = (
				B5D696442CD0094700A8975C /* swiftUI_weather_2 */,
				B5D696552CD0094A00A8975C /* swiftUI_weather_2Tests */,
				B5D6965F2CD0094A00A8975C /* swiftUI_weather_2UITests */,
				B5D696432CD0094700A8975C /* Products */,
			);
			sourceTree = "<group>";
		};
		B5D696432CD0094700A8975C /* Products */ = {
			isa = PBXGroup;
			children = (
				B5D696422CD0094700A8975C /* swiftUI_weather_2.app */,
				B5D696522CD0094A00A8975C /* swiftUI_weather_2Tests.xctest */,
				B5D6965C2CD0094A00A8975C /* swiftUI_weather_2UITests.xctest */,
			);
			name = Products;
			sourceTree = "<group>";
		};
/* End PBXGroup section */

/* Begin PBXNativeTarget section */
		B5D696412CD0094700A8975C /* swiftUI_weather_2 */ = {
			isa = PBXNativeTarget;
			buildConfigurationList = B5D696662CD0094A00A8975C /* Build configuration list for PBXNativeTarget "swiftUI_weather_2" */;
			buildPhases = (
				B5D6963E2CD0094700A8975C /* Sources */,
				B5D6963F2CD0094700A8975C /* Frameworks */,
				B5D696402CD0094700A8975C /* Resources */,
			);
			buildRules = (
			);
			dependencies = (
			);
			fileSystemSynchronizedGroups = (
				B5D696442CD0094700A8975C /* swiftUI_weather_2 */,
			);
			name = swiftUI_weather_2;
			packageProductDependencies = (
			);
			productName = swiftUI_weather_2;
			productReference = B5D696422CD0094700A8975C /* swiftUI_weather_2.app */;
			productType = "com.apple.product-type.application";
		};
		B5D696512CD0094A00A8975C /* swiftUI_weather_2Tests */ = {
			isa = PBXNativeTarget;
			buildConfigurationList = B5D696692CD0094A00A8975C /* Build configuration list for PBXNativeTarget "swiftUI_weather_2Tests" */;
			buildPhases = (
				B5D6964E2CD0094A00A8975C /* Sources */,
				B5D6964F2CD0094A00A8975C /* Frameworks */,
				B5D696502CD0094A00A8975C /* Resources */,
			);
			buildRules = (
			);
			dependencies = (
				B5D696542CD0094A00A8975C /* PBXTargetDependency */,
			);
			fileSystemSynchronizedGroups = (
				B5D696552CD0094A00A8975C /* swiftUI_weather_2Tests */,
			);
			name = swiftUI_weather_2Tests;
			packageProductDependencies = (
			);
			productName = swiftUI_weather_2Tests;
			productReference = B5D696522CD0094A00A8975C /* swiftUI_weather_2Tests.xctest */;
			productType = "com.apple.product-type.bundle.unit-test";
		};
		B5D6965B2CD0094A00A8975C /* swiftUI_weather_2UITests */ = {
			isa = PBXNativeTarget;
			buildConfigurationList = B5D6966C2CD0094A00A8975C /* Build configuration list for PBXNativeTarget "swiftUI_weather_2UITests" */;
			buildPhases = (
				B5D696582CD0094A00A8975C /* Sources */,
				B5D696592CD0094A00A8975C /* Frameworks */,
				B5D6965A2CD0094A00A8975C /* Resources */,
			);
			buildRules = (
			);
			dependencies = (
				B5D6965E2CD0094A00A8975C /* PBXTargetDependency */,
			);
			fileSystemSynchronizedGroups = (
				B5D6965F2CD0094A00A8975C /* swiftUI_weather_2UITests */,
			);
			name = swiftUI_weather_2UITests;
			packageProductDependencies = (
			);
			productName = swiftUI_weather_2UITests;
			productReference = B5D6965C2CD0094A00A8975C /* swiftUI_weather_2UITests.xctest */;
			productType = "com.apple.product-type.bundle.ui-testing";
		};
/* End PBXNativeTarget section */

/* Begin PBXProject section */
		B5D6963A2CD0094700A8975C /* Project object */ = {
			isa = PBXProject;
			attributes = {
				BuildIndependentTargetsInParallel = 1;
				LastSwiftUpdateCheck = 1610;
				LastUpgradeCheck = 1610;
				TargetAttributes = {
					B5D696412CD0094700A8975C = {
						CreatedOnToolsVersion = 16.1;
					};
					B5D696512CD0094A00A8975C = {
						CreatedOnToolsVersion = 16.1;
						TestTargetID = B5D696412CD0094700A8975C;
					};
					B5D6965B2CD0094A00A8975C = {
						CreatedOnToolsVersion = 16.1;
						TestTargetID = B5D696412CD0094700A8975C;
					};
				};
			};
			buildConfigurationList = B5D6963D2CD0094700A8975C /* Build configuration list for PBXProject "swiftUI_weather_2" */;
			developmentRegion = en;
			hasScannedForEncodings = 0;
			knownRegions = (
				en,
				Base,
			);
			mainGroup = B5D696392CD0094700A8975C;
			minimizedProjectReferenceProxies = 1;
			preferredProjectObjectVersion = 77;
			productRefGroup = B5D696432CD0094700A8975C /* Products */;
			projectDirPath = "";
			projectRoot = "";
			targets = (
				B5D696412CD0094700A8975C /* swiftUI_weather_2 */,
				B5D696512CD0094A00A8975C /* swiftUI_weather_2Tests */,
				B5D6965B2CD0094A00A8975C /* swiftUI_weather_2UITests */,
			);
		};
/* End PBXProject section */

/* Begin PBXResourcesBuildPhase section */
		B5D696402CD0094700A8975C /* Resources */ = {
			isa = PBXResourcesBuildPhase;
			buildActionMask = 2147483647;
			files = (
			);
			runOnlyForDeploymentPostprocessing = 0;
		};
		B5D696502CD0094A00A8975C /* Resources */ = {
			isa = PBXResourcesBuildPhase;
			buildActionMask = 2147483647;
			files = (
			);
			runOnlyForDeploymentPostprocessing = 0;
		};
		B5D6965A2CD0094A00A8975C /* Resources */ = {
			isa = PBXResourcesBuildPhase;
			buildActionMask = 2147483647;
			files = (
			);
			runOnlyForDeploymentPostprocessing = 0;
		};
/* End PBXResourcesBuildPhase section */

/* Begin PBXSourcesBuildPhase section */
		B5D6963E2CD0094700A8975C /* Sources */ = {
			isa = PBXSourcesBuildPhase;
			buildActionMask = 2147483647;
			files = (
			);
			runOnlyForDeploymentPostprocessing = 0;
		};
		B5D6964E2CD0094A00A8975C /* Sources */ = {
			isa = PBXSourcesBuildPhase;
			buildActionMask = 2147483647;
			files = (
			);
			runOnlyForDeploymentPostprocessing = 0;
		};
		B5D696582CD0094A00A8975C /* Sources */ = {
			isa = PBXSourcesBuildPhase;
			buildActionMask = 2147483647;
			files = (
			);
			runOnlyForDeploymentPostprocessing = 0;
		};
/* End PBXSourcesBuildPhase section */

/* Begin PBXTargetDependency section */
		B5D696542CD0094A00A8975C /* PBXTargetDependency */ = {
			isa = PBXTargetDependency;
			target = B5D696412CD0094700A8975C /* swiftUI_weather_2 */;
			targetProxy = B5D696532CD0094A00A8975C /* PBXContainerItemProxy */;
		};
		B5D6965E2CD0094A00A8975C /* PBXTargetDependency */ = {
			isa = PBXTargetDependency;
			target = B5D696412CD0094700A8975C /* swiftUI_weather_2 */;
			targetProxy = B5D6965D2CD0094A00A8975C /* PBXContainerItemProxy */;
		};
/* End PBXTargetDependency section */

/* Begin XCBuildConfiguration section */
		B5D696642CD0094A00A8975C /* Debug */ = {
			isa = XCBuildConfiguration;
			buildSettings = {
				ALWAYS_SEARCH_USER_PATHS = NO;
				ASSETCATALOG_COMPILER_GENERATE_SWIFT_ASSET_SYMBOL_EXTENSIONS = YES;
				CLANG_ANALYZER_NONNULL = YES;
				CLANG_ANALYZER_NUMBER_OBJECT_CONVERSION = YES_AGGRESSIVE;
				CLANG_CXX_LANGUAGE_STANDARD = "gnu++20";
				CLANG_ENABLE_MODULES = YES;
				CLANG_ENABLE_OBJC_ARC = YES;
				CLANG_ENABLE_OBJC_WEAK = YES;
				CLANG_WARN_BLOCK_CAPTURE_AUTORELEASING = YES;
				CLANG_WARN_BOOL_CONVERSION = YES;
				CLANG_WARN_COMMA = YES;
				CLANG_WARN_CONSTANT_CONVERSION = YES;
				CLANG_WARN_DEPRECATED_OBJC_IMPLEMENTATIONS = YES;
				CLANG_WARN_DIRECT_OBJC_ISA_USAGE = YES_ERROR;
				CLANG_WARN_DOCUMENTATION_COMMENTS = YES;
				CLANG_WARN_EMPTY_BODY = YES;
				CLANG_WARN_ENUM_CONVERSION = YES;
				CLANG_WARN_INFINITE_RECURSION = YES;
				CLANG_WARN_INT_CONVERSION = YES;
				CLANG_WARN_NON_LITERAL_NULL_CONVERSION = YES;
				CLANG_WARN_OBJC_IMPLICIT_RETAIN_SELF = YES;
				CLANG_WARN_OBJC_LITERAL_CONVERSION = YES;
				CLANG_WARN_OBJC_ROOT_CLASS = YES_ERROR;
				CLANG_WARN_QUOTED_INCLUDE_IN_FRAMEWORK_HEADER = YES;
				CLANG_WARN_RANGE_LOOP_ANALYSIS = YES;
				CLANG_WARN_STRICT_PROTOTYPES = YES;
				CLANG_WARN_SUSPICIOUS_MOVE = YES;
				CLANG_WARN_UNGUARDED_AVAILABILITY = YES_AGGRESSIVE;
				CLANG_WARN_UNREACHABLE_CODE = YES;
				CLANG_WARN__DUPLICATE_METHOD_MATCH = YES;
				COPY_PHASE_STRIP = NO;
				DEBUG_INFORMATION_FORMAT = dwarf;
				ENABLE_STRICT_OBJC_MSGSEND = YES;
				ENABLE_TESTABILITY = YES;
				ENABLE_USER_SCRIPT_SANDBOXING = YES;
				GCC_C_LANGUAGE_STANDARD = gnu17;
				GCC_DYNAMIC_NO_PIC = NO;
				GCC_NO_COMMON_BLOCKS = YES;
				GCC_OPTIMIZATION_LEVEL = 0;
				GCC_PREPROCESSOR_DEFINITIONS = (
					"DEBUG=1",
					"$(inherited)",
				);
				GCC_WARN_64_TO_32_BIT_CONVERSION = YES;
				GCC_WARN_ABOUT_RETURN_TYPE = YES_ERROR;
				GCC_WARN_UNDECLARED_SELECTOR = YES;
				GCC_WARN_UNINITIALIZED_AUTOS = YES_AGGRESSIVE;
				GCC_WARN_UNUSED_FUNCTION = YES;
				GCC_WARN_UNUSED_VARIABLE = YES;
				IPHONEOS_DEPLOYMENT_TARGET = 18.1;
				LOCALIZATION_PREFERS_STRING_CATALOGS = YES;
				MTL_ENABLE_DEBUG_INFO = INCLUDE_SOURCE;
				MTL_FAST_MATH = YES;
				ONLY_ACTIVE_ARCH = YES;
				SDKROOT = iphoneos;
				SWIFT_ACTIVE_COMPILATION_CONDITIONS = "DEBUG $(inherited)";
				SWIFT_OPTIMIZATION_LEVEL = "-Onone";
			};
			name = Debug;
		};
		B5D696652CD0094A00A8975C /* Release */ = {
			isa = XCBuildConfiguration;
			buildSettings = {
				ALWAYS_SEARCH_USER_PATHS = NO;
				ASSETCATALOG_COMPILER_GENERATE_SWIFT_ASSET_SYMBOL_EXTENSIONS = YES;
				CLANG_ANALYZER_NONNULL = YES;
				CLANG_ANALYZER_NUMBER_OBJECT_CONVERSION = YES_AGGRESSIVE;
				CLANG_CXX_LANGUAGE_STANDARD = "gnu++20";
				CLANG_ENABLE_MODULES = YES;
				CLANG_ENABLE_OBJC_ARC = YES;
				CLANG_ENABLE_OBJC_WEAK = YES;
				CLANG_WARN_BLOCK_CAPTURE_AUTORELEASING = YES;
				CLANG_WARN_BOOL_CONVERSION = YES;
				CLANG_WARN_COMMA = YES;
				CLANG_WARN_CONSTANT_CONVERSION = YES;
				CLANG_WARN_DEPRECATED_OBJC_IMPLEMENTATIONS = YES;
				CLANG_WARN_DIRECT_OBJC_ISA_USAGE = YES_ERROR;
				CLANG_WARN_DOCUMENTATION_COMMENTS = YES;
				CLANG_WARN_EMPTY_BODY = YES;
				CLANG_WARN_ENUM_CONVERSION = YES;
				CLANG_WARN_INFINITE_RECURSION = YES;
				CLANG_WARN_INT_CONVERSION = YES;
				CLANG_WARN_NON_LITERAL_NULL_CONVERSION = YES;
				CLANG_WARN_OBJC_IMPLICIT_RETAIN_SELF = YES;
				CLANG_WARN_OBJC_LITERAL_CONVERSION = YES;
				CLANG_WARN_OBJC_ROOT_CLASS = YES_ERROR;
				CLANG_WARN_QUOTED_INCLUDE_IN_FRAMEWORK_HEADER = YES;
				CLANG_WARN_RANGE_LOOP_ANALYSIS = YES;
				CLANG_WARN_STRICT_PROTOTYPES = YES;
				CLANG_WARN_SUSPICIOUS_MOVE = YES;
				CLANG_WARN_UNGUARDED_AVAILABILITY = YES_AGGRESSIVE;
				CLANG_WARN_UNREACHABLE_CODE = YES;
				CLANG_WARN__DUPLICATE_METHOD_MATCH = YES;
				COPY_PHASE_STRIP = NO;
				DEBUG_INFORMATION_FORMAT = "dwarf-with-dsym";
				ENABLE_NS_ASSERTIONS = NO;
				ENABLE_STRICT_OBJC_MSGSEND = YES;
				ENABLE_USER_SCRIPT_SANDBOXING = YES;
				GCC_C_LANGUAGE_STANDARD = gnu17;
				GCC_NO_COMMON_BLOCKS = YES;
				GCC_WARN_64_TO_32_BIT_CONVERSION = YES;
				GCC_WARN_ABOUT_RETURN_TYPE = YES_ERROR;
				GCC_WARN_UNDECLARED_SELECTOR = YES;
				GCC_WARN_UNINITIALIZED_AUTOS = YES_AGGRESSIVE;
				GCC_WARN_UNUSED_FUNCTION = YES;
				GCC_WARN_UNUSED_VARIABLE = YES;
				IPHONEOS_DEPLOYMENT_TARGET = 18.1;
				LOCALIZATION_PREFERS_STRING_CATALOGS = YES;
				MTL_ENABLE_DEBUG_INFO = NO;
				MTL_FAST_MATH = YES;
				SDKROOT = iphoneos;
				SWIFT_COMPILATION_MODE = wholemodule;
				VALIDATE_PRODUCT = YES;
			};
			name = Release;
		};
		B5D696672CD0094A00A8975C /* Debug */ = {
			isa = XCBuildConfiguration;
			buildSettings = {
				ASSETCATALOG_COMPILER_APPICON_NAME = AppIcon;
				ASSETCATALOG_COMPILER_GLOBAL_ACCENT_COLOR_NAME = AccentColor;
				CODE_SIGN_STYLE = Automatic;
				CURRENT_PROJECT_VERSION = 1;
				DEVELOPMENT_ASSET_PATHS = "\"swiftUI_weather_2/Preview Content\"";
				ENABLE_PREVIEWS = YES;
				GENERATE_INFOPLIST_FILE = YES;
				INFOPLIST_KEY_UIApplicationSceneManifest_Generation = YES;
				INFOPLIST_KEY_UIApplicationSupportsIndirectInputEvents = YES;
				INFOPLIST_KEY_UILaunchScreen_Generation = YES;
				INFOPLIST_KEY_UISupportedInterfaceOrientations_iPad = "UIInterfaceOrientationPortrait UIInterfaceOrientationPortraitUpsideDown UIInterfaceOrientationLandscapeLeft UIInterfaceOrientationLandscapeRight";
				INFOPLIST_KEY_UISupportedInterfaceOrientations_iPhone = "UIInterfaceOrientationPortrait UIInterfaceOrientationLandscapeLeft UIInterfaceOrientationLandscapeRight";
				LD_RUNPATH_SEARCH_PATHS = (
					"$(inherited)",
					"@executable_path/Frameworks",
				);
				MARKETING_VERSION = 1.0;
				PRODUCT_BUNDLE_IDENTIFIER = "first-try.swiftUI-weather-2";
				PRODUCT_NAME = "$(TARGET_NAME)";
				SWIFT_EMIT_LOC_STRINGS = YES;
				SWIFT_VERSION = 5.0;
				TARGETED_DEVICE_FAMILY = "1,2";
			};
			name = Debug;
		};
		B5D696682CD0094A00A8975C /* Release */ = {
			isa = XCBuildConfiguration;
			buildSettings = {
				ASSETCATALOG_COMPILER_APPICON_NAME = AppIcon;
				ASSETCATALOG_COMPILER_GLOBAL_ACCENT_COLOR_NAME = AccentColor;
				CODE_SIGN_STYLE = Automatic;
				CURRENT_PROJECT_VERSION = 1;
				DEVELOPMENT_ASSET_PATHS = "\"swiftUI_weather_2/Preview Content\"";
				ENABLE_PREVIEWS = YES;
				GENERATE_INFOPLIST_FILE = YES;
				INFOPLIST_KEY_UIApplicationSceneManifest_Generation = YES;
				INFOPLIST_KEY_UIApplicationSupportsIndirectInputEvents = YES;
				INFOPLIST_KEY_UILaunchScreen_Generation = YES;
				INFOPLIST_KEY_UISupportedInterfaceOrientations_iPad = "UIInterfaceOrientationPortrait UIInterfaceOrientationPortraitUpsideDown UIInterfaceOrientationLandscapeLeft UIInterfaceOrientationLandscapeRight";
				INFOPLIST_KEY_UISupportedInterfaceOrientations_iPhone = "UIInterfaceOrientationPortrait UIInterfaceOrientationLandscapeLeft UIInterfaceOrientationLandscapeRight";
				LD_RUNPATH_SEARCH_PATHS = (
					"$(inherited)",
					"@executable_path/Frameworks",
				);
				MARKETING_VERSION = 1.0;
				PRODUCT_BUNDLE_IDENTIFIER = "first-try.swiftUI-weather-2";
				PRODUCT_NAME = "$(TARGET_NAME)";
				SWIFT_EMIT_LOC_STRINGS = YES;
				SWIFT_VERSION = 5.0;
				TARGETED_DEVICE_FAMILY = "1,2";
			};
			name = Release;
		};
		B5D6966A2CD0094A00A8975C /* Debug */ = {
			isa = XCBuildConfiguration;
			buildSettings = {
				BUNDLE_LOADER = "$(TEST_HOST)";
				CODE_SIGN_STYLE = Automatic;
				CURRENT_PROJECT_VERSION = 1;
				GENERATE_INFOPLIST_FILE = YES;
				IPHONEOS_DEPLOYMENT_TARGET = 18.1;
				MARKETING_VERSION = 1.0;
				PRODUCT_BUNDLE_IDENTIFIER = "first-try.swiftUI-weather-2Tests";
				PRODUCT_NAME = "$(TARGET_NAME)";
				SWIFT_EMIT_LOC_STRINGS = NO;
				SWIFT_VERSION = 5.0;
				TARGETED_DEVICE_FAMILY = "1,2";
				TEST_HOST = "$(BUILT_PRODUCTS_DIR)/swiftUI_weather_2.app/$(BUNDLE_EXECUTABLE_FOLDER_PATH)/swiftUI_weather_2";
			};
			name = Debug;
		};
		B5D6966B2CD0094A00A8975C /* Release */ = {
			isa = XCBuildConfiguration;
			buildSettings = {
				BUNDLE_LOADER = "$(TEST_HOST)";
				CODE_SIGN_STYLE = Automatic;
				CURRENT_PROJECT_VERSION = 1;
				GENERATE_INFOPLIST_FILE = YES;
				IPHONEOS_DEPLOYMENT_TARGET = 18.1;
				MARKETING_VERSION = 1.0;
				PRODUCT_BUNDLE_IDENTIFIER = "first-try.swiftUI-weather-2Tests";
				PRODUCT_NAME = "$(TARGET_NAME)";
				SWIFT_EMIT_LOC_STRINGS = NO;
				SWIFT_VERSION = 5.0;
				TARGETED_DEVICE_FAMILY = "1,2";
				TEST_HOST = "$(BUILT_PRODUCTS_DIR)/swiftUI_weather_2.app/$(BUNDLE_EXECUTABLE_FOLDER_PATH)/swiftUI_weather_2";
			};
			name = Release;
		};
		B5D6966D2CD0094A00A8975C /* Debug */ = {
			isa = XCBuildConfiguration;
			buildSettings = {
				CODE_SIGN_STYLE = Automatic;
				CURRENT_PROJECT_VERSION = 1;
				GENERATE_INFOPLIST_FILE = YES;
				MARKETING_VERSION = 1.0;
				PRODUCT_BUNDLE_IDENTIFIER = "first-try.swiftUI-weather-2UITests";
				PRODUCT_NAME = "$(TARGET_NAME)";
				SWIFT_EMIT_LOC_STRINGS = NO;
				SWIFT_VERSION = 5.0;
				TARGETED_DEVICE_FAMILY = "1,2";
				TEST_TARGET_NAME = swiftUI_weather_2;
			};
			name = Debug;
		};
		B5D6966E2CD0094A00A8975C /* Release */ = {
			isa = XCBuildConfiguration;
			buildSettings = {
				CODE_SIGN_STYLE = Automatic;
				CURRENT_PROJECT_VERSION = 1;
				GENERATE_INFOPLIST_FILE = YES;
				MARKETING_VERSION = 1.0;
				PRODUCT_BUNDLE_IDENTIFIER = "first-try.swiftUI-weather-2UITests";
				PRODUCT_NAME = "$(TARGET_NAME)";
				SWIFT_EMIT_LOC_STRINGS = NO;
				SWIFT_VERSION = 5.0;
				TARGETED_DEVICE_FAMILY = "1,2";
				TEST_TARGET_NAME = swiftUI_weather_2;
			};
			name = Release;
		};
/* End XCBuildConfiguration section */

/* Begin XCConfigurationList section */
		B5D6963D2CD0094700A8975C /* Build configuration list for PBXProject "swiftUI_weather_2" */ = {
			isa = XCConfigurationList;
			buildConfigurations = (
				B5D696642CD0094A00A8975C /* Debug */,
				B5D696652CD0094A00A8975C /* Release */,
			);
			defaultConfigurationIsVisible = 0;
			defaultConfigurationName = Release;
		};
		B5D696662CD0094A00A8975C /* Build configuration list for PBXNativeTarget "swiftUI_weather_2" */ = {
			isa = XCConfigurationList;
			buildConfigurations = (
				B5D696672CD0094A00A8975C /* Debug */,
				B5D696682CD0094A00A8975C /* Release */,
			);
			defaultConfigurationIsVisible = 0;
			defaultConfigurationName = Release;
		};
		B5D696692CD0094A00A8975C /* Build configuration list for PBXNativeTarget "swiftUI_weather_2Tests" */ = {
			isa = XCConfigurationList;
			buildConfigurations = (
				B5D6966A2CD0094A00A8975C /* Debug */,
				B5D6966B2CD0094A00A8975C /* Release */,
			);
			defaultConfigurationIsVisible = 0;
			defaultConfigurationName = Release;
		};
		B5D6966C2CD0094A00A8975C /* Build configuration list for PBXNativeTarget "swiftUI_weather_2UITests" */ = {
			isa = XCConfigurationList;
			buildConfigurations = (
				B5D6966D2CD0094A00A8975C /* Debug */,
				B5D6966E2CD0094A00A8975C /* Release */,
			);
			defaultConfigurationIsVisible = 0;
			defaultConfigurationName = Release;
		};
/* End XCConfigurationList section */
	};
	rootObject = B5D6963A2CD0094700A8975C /* Project object */;
}
